{
  "requires": true,
  "lockfileVersion": 1,
  "dependencies": {
    "rword": {
      "version": "2.3.0",
      "resolved": "https://registry.npmjs.org/rword/-/rword-2.3.0.tgz",
      "integrity": "sha512-VwGwiuNSfJMzbVZBZkDgQiwG4PBEagz71989SxQS/ktdqwbA1FVVw3o3z6tIrA2XU1frm5PRFGjobVn+a8Z5Ag=="
    }
  }
}
